
Microsoft Visual Studio Solution File, Format Version 12.00
# Visual Studio Version 17
VisualStudioVersion = 17.12.35707.178
MinimumVisualStudioVersion = 10.0.40219.1
Project("{FAE04EC0-301F-11D3-BF4B-00C04F79EFBC}") = "Solid.App", "Solid.App\Solid.App.csproj", "{1CBB6710-FAAC-4A36-98D8-F25E7660322B}"
EndProject
Project("{FAE04EC0-301F-11D3-BF4B-00C04F79EFBC}") = "FluentValidationApp.Web", "FluentValidationApp.Web\FluentValidationApp.Web.csproj", "{7ACE8237-FADB-4474-81BC-40B3EE1B801D}"
EndProject
Global
	GlobalSection(SolutionConfigurationPlatforms) = preSolution
		Debug|Any CPU = Debug|Any CPU
		Release|Any CPU = Release|Any CPU
	EndGlobalSection
	GlobalSection(ProjectConfigurationPlatforms) = postSolution
		{1CBB6710-FAAC-4A36-98D8-F25E7660322B}.Debug|Any CPU.ActiveCfg = Debug|Any CPU
		{1CBB6710-FAAC-4A36-98D8-F25E7660322B}.Debug|Any CPU.Build.0 = Debug|Any CPU
		{1CBB6710-FAAC-4A36-98D8-F25E7660322B}.Release|Any CPU.ActiveCfg = Release|Any CPU
		{1CBB6710-FAAC-4A36-98D8-F25E7660322B}.Release|Any CPU.Build.0 = Release|Any CPU
		{7ACE8237-FADB-4474-81BC-40B3EE1B801D}.Debug|Any CPU.ActiveCfg = Debug|Any CPU
		{7ACE8237-FADB-4474-81BC-40B3EE1B801D}.Debug|Any CPU.Build.0 = Debug|Any CPU
		{7ACE8237-FADB-4474-81BC-40B3EE1B801D}.Release|Any CPU.ActiveCfg = Release|Any CPU
		{7ACE8237-FADB-4474-81BC-40B3EE1B801D}.Release|Any CPU.Build.0 = Release|Any CPU
	EndGlobalSection
	GlobalSection(SolutionProperties) = preSolution
		HideSolutionNode = FALSE
	EndGlobalSection
EndGlobal
